Microsoft Visual Studio Solution File, Format Version 12.00
# Visual Studio Version 17
VisualStudioVersion = 17.5.2.0
MinimumVisualStudioVersion = 10.0.40219.1
Project("{FAE04EC0-301F-11D3-BF4B-00C04F79EFBC}") = "DotNetEncapsulation", "DotNetEncapsulation.csproj", "{28F0DABF-BCE6-9F1C-C232-5AF2E041D64B}"
EndProject
Global
	GlobalSection(SolutionConfigurationPlatforms) = preSolution
		Debug|Any CPU = Debug|Any CPU
		Release|Any CPU = Release|Any CPU
	EndGlobalSection
	GlobalSection(ProjectConfigurationPlatforms) = postSolution
		{28F0DABF-BCE6-9F1C-C232-5AF2E041D64B}.Debug|Any CPU.ActiveCfg = Debug|Any CPU
		{28F0DABF-BCE6-9F1C-C232-5AF2E041D64B}.Debug|Any CPU.Build.0 = Debug|Any CPU
		{28F0DABF-BCE6-9F1C-C232-5AF2E041D64B}.Release|Any CPU.ActiveCfg = Release|Any CPU
		{28F0DABF-BCE6-9F1C-C232-5AF2E041D64B}.Release|Any CPU.Build.0 = Release|Any CPU
	EndGlobalSection
	GlobalSection(SolutionProperties) = preSolution
		HideSolutionNode = FALSE
	EndGlobalSection
	GlobalSection(ExtensibilityGlobals) = postSolution
		SolutionGuid = {9D0D2A23-6DBA-442F-8076-58D5C6D356AB}
	EndGlobalSection
EndGlobal
